
Microsoft Visual Studio Solution File, Format Version 12.00
# Visual Studio Version 17
Project("{8BC9CEB8-8B4A-11D0-8D11-00A0C91BC942}") = "ALL_BUILD", "ALL_BUILD.vcxproj", "{98349A9E-A16C-31D4-89F9-C0BBA00D4624}"
	ProjectSection(ProjectDependencies) = postProject
		{797DAFB1-09E3-38EE-BF27-04C99CBEB6FC} = {797DAFB1-09E3-38EE-BF27-04C99CBEB6FC}
		{4795B7C1-FCFA-364C-BB1B-91320AB9ECA1} = {4795B7C1-FCFA-364C-BB1B-91320AB9ECA1}
	EndProjectSection
EndProject
Project("{8BC9CEB8-8B4A-11D0-8D11-00A0C91BC942}") = "Yulia", "Yulia.vcxproj", "{797DAFB1-09E3-38EE-BF27-04C99CBEB6FC}"
	ProjectSection(ProjectDependencies) = postProject
		{4795B7C1-FCFA-364C-BB1B-91320AB9ECA1} = {4795B7C1-FCFA-364C-BB1B-91320AB9ECA1}
	EndProjectSection
EndProject
Project("{8BC9CEB8-8B4A-11D0-8D11-00A0C91BC942}") = "ZERO_CHECK", "ZERO_CHECK.vcxproj", "{4795B7C1-FCFA-364C-BB1B-91320AB9ECA1}"
	ProjectSection(ProjectDependencies) = postProject
	EndProjectSection
EndProject
Global
	GlobalSection(SolutionConfigurationPlatforms) = preSolution
		Debug|x64 = Debug|x64
		Release|x64 = Release|x64
		MinSizeRel|x64 = MinSizeRel|x64
		RelWithDebInfo|x64 = RelWithDebInfo|x64
	EndGlobalSection
	GlobalSection(ProjectConfigurationPlatforms) = postSolution
		{98349A9E-A16C-31D4-89F9-C0BBA00D4624}.Debug|x64.ActiveCfg = Debug|x64
		{98349A9E-A16C-31D4-89F9-C0BBA00D4624}.Release|x64.ActiveCfg = Release|x64
		{98349A9E-A16C-31D4-89F9-C0BBA00D4624}.MinSizeRel|x64.ActiveCfg = MinSizeRel|x64
		{98349A9E-A16C-31D4-89F9-C0BBA00D4624}.RelWithDebInfo|x64.ActiveCfg = RelWithDebInfo|x64
		{797DAFB1-09E3-38EE-BF27-04C99CBEB6FC}.Debug|x64.ActiveCfg = Debug|x64
		{797DAFB1-09E3-38EE-BF27-04C99CBEB6FC}.Debug|x64.Build.0 = Debug|x64
		{797DAFB1-09E3-38EE-BF27-04C99CBEB6FC}.Release|x64.ActiveCfg = Release|x64
		{797DAFB1-09E3-38EE-BF27-04C99CBEB6FC}.Release|x64.Build.0 = Release|x64
		{797DAFB1-09E3-38EE-BF27-04C99CBEB6FC}.MinSizeRel|x64.ActiveCfg = MinSizeRel|x64
		{797DAFB1-09E3-38EE-BF27-04C99CBEB6FC}.MinSizeRel|x64.Build.0 = MinSizeRel|x64
		{797DAFB1-09E3-38EE-BF27-04C99CBEB6FC}.RelWithDebInfo|x64.ActiveCfg = RelWithDebInfo|x64
		{797DAFB1-09E3-38EE-BF27-04C99CBEB6FC}.RelWithDebInfo|x64.Build.0 = RelWithDebInfo|x64
		{4795B7C1-FCFA-364C-BB1B-91320AB9ECA1}.Debug|x64.ActiveCfg = Debug|x64
		{4795B7C1-FCFA-364C-BB1B-91320AB9ECA1}.Debug|x64.Build.0 = Debug|x64
		{4795B7C1-FCFA-364C-BB1B-91320AB9ECA1}.Release|x64.ActiveCfg = Release|x64
		{4795B7C1-FCFA-364C-BB1B-91320AB9ECA1}.Release|x64.Build.0 = Release|x64
		{4795B7C1-FCFA-364C-BB1B-91320AB9ECA1}.MinSizeRel|x64.ActiveCfg = MinSizeRel|x64
		{4795B7C1-FCFA-364C-BB1B-91320AB9ECA1}.MinSizeRel|x64.Build.0 = MinSizeRel|x64
		{4795B7C1-FCFA-364C-BB1B-91320AB9ECA1}.RelWithDebInfo|x64.ActiveCfg = RelWithDebInfo|x64
		{4795B7C1-FCFA-364C-BB1B-91320AB9ECA1}.RelWithDebInfo|x64.Build.0 = RelWithDebInfo|x64
	EndGlobalSection
	GlobalSection(ExtensibilityGlobals) = postSolution
		SolutionGuid = {7D6791C7-E2E8-3C56-A1B7-027F7A00C3CF}
	EndGlobalSection
	GlobalSection(ExtensibilityAddIns) = postSolution
	EndGlobalSection
EndGlobal
